
Microsoft Visual Studio Solution File, Format Version 12.00
# Visual Studio 15
VisualStudioVersion = 15.0.27703.2042
MinimumVisualStudioVersion = 10.0.40219.1
Project("{FAE04EC0-301F-11D3-BF4B-00C04F79EFBC}") = "Payxat", "Payxat\Payxat.csproj", "{D6DB32F1-8DE4-4D2D-8C2C-6AE74F381D30}"
EndProject
Global
	GlobalSection(SolutionConfigurationPlatforms) = preSolution
		Debug|Any CPU = Debug|Any CPU
		Release|Any CPU = Release|Any CPU
	EndGlobalSection
	GlobalSection(ProjectConfigurationPlatforms) = postSolution
		{D6DB32F1-8DE4-4D2D-8C2C-6AE74F381D30}.Debug|Any CPU.ActiveCfg = Debug|Any CPU
		{D6DB32F1-8DE4-4D2D-8C2C-6AE74F381D30}.Debug|Any CPU.Build.0 = Debug|Any CPU
		{D6DB32F1-8DE4-4D2D-8C2C-6AE74F381D30}.Release|Any CPU.ActiveCfg = Release|Any CPU
		{D6DB32F1-8DE4-4D2D-8C2C-6AE74F381D30}.Release|Any CPU.Build.0 = Release|Any CPU
	EndGlobalSection
	GlobalSection(SolutionProperties) = preSolution
		HideSolutionNode = FALSE
	EndGlobalSection
	GlobalSection(ExtensibilityGlobals) = postSolution
		SolutionGuid = {BDDD1D70-3526-4034-9F91-8CC8205B9994}
	EndGlobalSection
EndGlobal
